{
    "_meta": {
        "hash": {
            "sha256": "31477e05f4e50b070f42c34065e4fcb63339ca7e5d388a5064b4675904ef3574"
        },
        "pipfile-spec": 6,
        "requires": {
            "python_version": "3.8"
        },
        "sources": [
            {
                "name": "pypi",
                "url": "https://pypi.python.org/simple",
                "verify_ssl": true
            }
        ]
    },
    "default": {
        "repackage": {
            "hashes": [
                "sha256:350fdbb4a297866e9161e80757dd4582a336b0b7259e58926d96b0644c47d204"
            ],
            "index": "pypi",
            "version": "==0.7.3"
        }
    },
    "develop": {}
}
